
Microsoft Visual Studio Solution File, Format Version 12.00
# Visual Studio Version 16
VisualStudioVersion = 16.0.28803.202
MinimumVisualStudioVersion = 10.0.40219.1
Project("{9A19103F-16F7-4668-BE54-9A1E7A4F7556}") = "webAppAnguler", "webAppAnguler\webAppAnguler.csproj", "{5E381DB4-97A2-4DEC-ABA7-9592A546F49C}"
EndProject
Project("{9A19103F-16F7-4668-BE54-9A1E7A4F7556}") = "scheduler.service", "scheduler.service\scheduler.service.csproj", "{C6E6D719-EF0F-486A-AD44-17231AA92F7D}"
EndProject
Project("{9A19103F-16F7-4668-BE54-9A1E7A4F7556}") = "scheduler.Model", "scheduler.Model\scheduler.Model.csproj", "{57A5A5E9-0F74-4141-A9C2-537FE57C7CA8}"
EndProject
Project("{9A19103F-16F7-4668-BE54-9A1E7A4F7556}") = "scheduler.EF", "scheduler.EF\scheduler.EF.csproj", "{5FB3E9F2-B989-48F5-B8A8-99974FDE2DCA}"
EndProject
Project("{9A19103F-16F7-4668-BE54-9A1E7A4F7556}") = "scheduler.Repository", "scheduler.Repository\scheduler.Repository.csproj", "{DF8588B9-5BCB-4E8D-ADA6-4BEF004CF161}"
EndProject
Global
	GlobalSection(SolutionConfigurationPlatforms) = preSolution
		Debug|Any CPU = Debug|Any CPU
		Release|Any CPU = Release|Any CPU
	EndGlobalSection
	GlobalSection(ProjectConfigurationPlatforms) = postSolution
		{5E381DB4-97A2-4DEC-ABA7-9592A546F49C}.Debug|Any CPU.ActiveCfg = Debug|Any CPU
		{5E381DB4-97A2-4DEC-ABA7-9592A546F49C}.Debug|Any CPU.Build.0 = Debug|Any CPU
		{5E381DB4-97A2-4DEC-ABA7-9592A546F49C}.Release|Any CPU.ActiveCfg = Release|Any CPU
		{5E381DB4-97A2-4DEC-ABA7-9592A546F49C}.Release|Any CPU.Build.0 = Release|Any CPU
		{C6E6D719-EF0F-486A-AD44-17231AA92F7D}.Debug|Any CPU.ActiveCfg = Debug|Any CPU
		{C6E6D719-EF0F-486A-AD44-17231AA92F7D}.Debug|Any CPU.Build.0 = Debug|Any CPU
		{C6E6D719-EF0F-486A-AD44-17231AA92F7D}.Release|Any CPU.ActiveCfg = Release|Any CPU
		{C6E6D719-EF0F-486A-AD44-17231AA92F7D}.Release|Any CPU.Build.0 = Release|Any CPU
		{57A5A5E9-0F74-4141-A9C2-537FE57C7CA8}.Debug|Any CPU.ActiveCfg = Debug|Any CPU
		{57A5A5E9-0F74-4141-A9C2-537FE57C7CA8}.Debug|Any CPU.Build.0 = Debug|Any CPU
		{57A5A5E9-0F74-4141-A9C2-537FE57C7CA8}.Release|Any CPU.ActiveCfg = Release|Any CPU
		{57A5A5E9-0F74-4141-A9C2-537FE57C7CA8}.Release|Any CPU.Build.0 = Release|Any CPU
		{5FB3E9F2-B989-48F5-B8A8-99974FDE2DCA}.Debug|Any CPU.ActiveCfg = Debug|Any CPU
		{5FB3E9F2-B989-48F5-B8A8-99974FDE2DCA}.Debug|Any CPU.Build.0 = Debug|Any CPU
		{5FB3E9F2-B989-48F5-B8A8-99974FDE2DCA}.Release|Any CPU.ActiveCfg = Release|Any CPU
		{5FB3E9F2-B989-48F5-B8A8-99974FDE2DCA}.Release|Any CPU.Build.0 = Release|Any CPU
		{DF8588B9-5BCB-4E8D-ADA6-4BEF004CF161}.Debug|Any CPU.ActiveCfg = Debug|Any CPU
		{DF8588B9-5BCB-4E8D-ADA6-4BEF004CF161}.Debug|Any CPU.Build.0 = Debug|Any CPU
		{DF8588B9-5BCB-4E8D-ADA6-4BEF004CF161}.Release|Any CPU.ActiveCfg = Release|Any CPU
		{DF8588B9-5BCB-4E8D-ADA6-4BEF004CF161}.Release|Any CPU.Build.0 = Release|Any CPU
	EndGlobalSection
	GlobalSection(SolutionProperties) = preSolution
		HideSolutionNode = FALSE
	EndGlobalSection
	GlobalSection(ExtensibilityGlobals) = postSolution
		SolutionGuid = {549CA6A6-5109-4D74-86CD-4B360B34A8EB}
	EndGlobalSection
EndGlobal
